// !$*UTF8*$!
{
	archiveVersion = 1;
	classes = {
	};
	objectVersion = 51;
	objects = {

/* Begin PBXBuildFile section */
		02F5E113266B57D3003AC899 /* AppDelegate.swift in Sources */ = {isa = PBXBuildFile; fileRef = 02F5E112266B57D3003AC899 /* AppDelegate.swift */; };
		02F5E115266B57D3003AC899 /* SceneDelegate.swift in Sources */ = {isa = PBXBuildFile; fileRef = 02F5E114266B57D3003AC899 /* SceneDelegate.swift */; };
		02F5E117266B57D3003AC899 /* ViewController.swift in Sources */ = {isa = PBXBuildFile; fileRef = 02F5E116266B57D3003AC899 /* ViewController.swift */; };
		02F5E11A266B57D3003AC899 /* Main.storyboard in Resources */ = {isa = PBXBuildFile; fileRef = 02F5E118266B57D3003AC899 /* Main.storyboard */; };
		02F5E11C266B57D6003AC899 /* Assets.xcassets in Resources */ = {isa = PBXBuildFile; fileRef = 02F5E11B266B57D6003AC899 /* Assets.xcassets */; };
		02F5E11F266B57D6003AC899 /* LaunchScreen.storyboard in Resources */ = {isa = PBXBuildFile; fileRef = 02F5E11D266B57D6003AC899 /* LaunchScreen.storyboard */; };
		02F5E137266B61C0003AC899 /* ViewModel.swift in Sources */ = {isa = PBXBuildFile; fileRef = 02F5E136266B61C0003AC899 /* ViewModel.swift */; };
		02F5E13B266B79D3003AC899 /* ImageCollectionViewCell.swift in Sources */ = {isa = PBXBuildFile; fileRef = 02F5E13A266B79D3003AC899 /* ImageCollectionViewCell.swift */; };
		72E222F24DF330B6BD00A597 /* Pods_Kanna_practice.framework in Frameworks */ = {isa = PBXBuildFile; fileRef = 5AF0B06909DB9E693CC93B63 /* Pods_Kanna_practice.framework */; };
		A81A9C2126E47D2000F182B5 /* Parser.swift in Sources */ = {isa = PBXBuildFile; fileRef = A81A9C1F26E47D2000F182B5 /* Parser.swift */; };
		A81A9C2226E47D2000F182B5 /* ImageHelper.swift in Sources */ = {isa = PBXBuildFile; fileRef = A81A9C2026E47D2000F182B5 /* ImageHelper.swift */; };
		A81A9C2526E47D3700F182B5 /* NSObject+Extension.swift in Sources */ = {isa = PBXBuildFile; fileRef = A81A9C2426E47D3700F182B5 /* NSObject+Extension.swift */; };
/* End PBXBuildFile section */

/* Begin PBXFileReference section */
		02F5E10F266B57D3003AC899 /* Kanna_practice.app */ = {isa = PBXFileReference; explicitFileType = wrapper.application; includeInIndex = 0; path = Kanna_practice.app; sourceTree = BUILT_PRODUCTS_DIR; };
		02F5E112266B57D3003AC899 /* AppDelegate.swift */ = {isa = PBXFileReference; lastKnownFileType = sourcecode.swift; path = AppDelegate.swift; sourceTree = "<group>"; };
		02F5E114266B57D3003AC899 /* SceneDelegate.swift */ = {isa = PBXFileReference; lastKnownFileType = sourcecode.swift; path = SceneDelegate.swift; sourceTree = "<group>"; };
		02F5E116266B57D3003AC899 /* ViewController.swift */ = {isa = PBXFileReference; lastKnownFileType = sourcecode.swift; path = ViewController.swift; sourceTree = "<group>"; };
		02F5E119266B57D3003AC899 /* Base */ = {isa = PBXFileReference; lastKnownFileType = file.storyboard; name = Base; path = Base.lproj/Main.storyboard; sourceTree = "<group>"; };
		02F5E11B266B57D6003AC899 /* Assets.xcassets */ = {isa = PBXFileReference; lastKnownFileType = folder.assetcatalog; path = Assets.xcassets; sourceTree = "<group>"; };
		02F5E11E266B57D6003AC899 /* Base */ = {isa = PBXFileReference; lastKnownFileType = file.storyboard; name = Base; path = Base.lproj/LaunchScreen.storyboard; sourceTree = "<group>"; };
		02F5E120266B57D6003AC899 /* Info.plist */ = {isa = PBXFileReference; lastKnownFileType = text.plist.xml; path = Info.plist; sourceTree = "<group>"; };
		02F5E136266B61C0003AC899 /* ViewModel.swift */ = {isa = PBXFileReference; lastKnownFileType = sourcecode.swift; path = ViewModel.swift; sourceTree = "<group>"; };
		02F5E13A266B79D3003AC899 /* ImageCollectionViewCell.swift */ = {isa = PBXFileReference; lastKnownFileType = sourcecode.swift; path = ImageCollectionViewCell.swift; sourceTree = "<group>"; };
		5AF0B06909DB9E693CC93B63 /* Pods_Kanna_practice.framework */ = {isa = PBXFileReference; explicitFileType = wrapper.framework; includeInIndex = 0; path = Pods_Kanna_practice.framework; sourceTree = BUILT_PRODUCTS_DIR; };
		5C8629A37DC5D4F9C72897A3 /* Pods-Kanna_practice.release.xcconfig */ = {isa = PBXFileReference; includeInIndex = 1; lastKnownFileType = text.xcconfig; name = "Pods-Kanna_practice.release.xcconfig"; path = "Target Support Files/Pods-Kanna_practice/Pods-Kanna_practice.release.xcconfig"; sourceTree = "<group>"; };
		A81A9C1F26E47D2000F182B5 /* Parser.swift */ = {isa = PBXFileReference; fileEncoding = 4; lastKnownFileType = sourcecode.swift; path = Parser.swift; sourceTree = "<group>"; };
		A81A9C2026E47D2000F182B5 /* ImageHelper.swift */ = {isa = PBXFileReference; fileEncoding = 4; lastKnownFileType = sourcecode.swift; path = ImageHelper.swift; sourceTree = "<group>"; };
		A81A9C2426E47D3700F182B5 /* NSObject+Extension.swift */ = {isa = PBXFileReference; fileEncoding = 4; lastKnownFileType = sourcecode.swift; path = "NSObject+Extension.swift"; sourceTree = "<group>"; };
		FED4834322564B706415908A /* Pods-Kanna_practice.debug.xcconfig */ = {isa = PBXFileReference; includeInIndex = 1; lastKnownFileType = text.xcconfig; name = "Pods-Kanna_practice.debug.xcconfig"; path = "Target Support Files/Pods-Kanna_practice/Pods-Kanna_practice.debug.xcconfig"; sourceTree = "<group>"; };
/* End PBXFileReference section */

/* Begin PBXFrameworksBuildPhase section */
		02F5E10C266B57D3003AC899 /* Frameworks */ = {
			isa = PBXFrameworksBuildPhase;
			buildActionMask = 2147483647;
			files = (
				72E222F24DF330B6BD00A597 /* Pods_Kanna_practice.framework in Frameworks */,
			);
			runOnlyForDeploymentPostprocessing = 0;
		};
/* End PBXFrameworksBuildPhase section */

/* Begin PBXGroup section */
		02F5E106266B57D3003AC899 = {
			isa = PBXGroup;
			children = (
				02F5E111266B57D3003AC899 /* Kanna_practice */,
				02F5E110266B57D3003AC899 /* Products */,
				999FD24BF1F0DA37C37DEB9B /* Pods */,
				6026FB6DAF478472ADBBECBF /* Frameworks */,
			);
			sourceTree = "<group>";
		};
		02F5E110266B57D3003AC899 /* Products */ = {
			isa = PBXGroup;
			children = (
				02F5E10F266B57D3003AC899 /* Kanna_practice.app */,
			);
			name = Products;
			sourceTree = "<group>";
		};
		02F5E111266B57D3003AC899 /* Kanna_practice */ = {
			isa = PBXGroup;
			children = (
				A81A9C2326E47D2A00F182B5 /* Extension */,
				A81A9C1E26E47D0C00F182B5 /* Manager */,
				02F5E139266B79BC003AC899 /* View */,
				02F5E135266B61B6003AC899 /* ViewModel */,
				02F5E112266B57D3003AC899 /* AppDelegate.swift */,
				02F5E114266B57D3003AC899 /* SceneDelegate.swift */,
				02F5E116266B57D3003AC899 /* ViewController.swift */,
				02F5E118266B57D3003AC899 /* Main.storyboard */,
				02F5E11B266B57D6003AC899 /* Assets.xcassets */,
				02F5E11D266B57D6003AC899 /* LaunchScreen.storyboard */,
				02F5E120266B57D6003AC899 /* Info.plist */,
			);
			path = Kanna_practice;
			sourceTree = "<group>";
		};
		02F5E135266B61B6003AC899 /* ViewModel */ = {
			isa = PBXGroup;
			children = (
				02F5E136266B61C0003AC899 /* ViewModel.swift */,
			);
			path = ViewModel;
			sourceTree = "<group>";
		};
		02F5E139266B79BC003AC899 /* View */ = {
			isa = PBXGroup;
			children = (
				02F5E13A266B79D3003AC899 /* ImageCollectionViewCell.swift */,
			);
			path = View;
			sourceTree = "<group>";
		};
		6026FB6DAF478472ADBBECBF /* Frameworks */ = {
			isa = PBXGroup;
			children = (
				5AF0B06909DB9E693CC93B63 /* Pods_Kanna_practice.framework */,
			);
			name = Frameworks;
			sourceTree = "<group>";
		};
		999FD24BF1F0DA37C37DEB9B /* Pods */ = {
			isa = PBXGroup;
			children = (
				FED4834322564B706415908A /* Pods-Kanna_practice.debug.xcconfig */,
				5C8629A37DC5D4F9C72897A3 /* Pods-Kanna_practice.release.xcconfig */,
			);
			path = Pods;
			sourceTree = "<group>";
		};
		A81A9C1E26E47D0C00F182B5 /* Manager */ = {
			isa = PBXGroup;
			children = (
				A81A9C2026E47D2000F182B5 /* ImageHelper.swift */,
				A81A9C1F26E47D2000F182B5 /* Parser.swift */,
			);
			path = Manager;
			sourceTree = "<group>";
		};
		A81A9C2326E47D2A00F182B5 /* Extension */ = {
			isa = PBXGroup;
			children = (
				A81A9C2426E47D3700F182B5 /* NSObject+Extension.swift */,
			);
			path = Extension;
			sourceTree = "<group>";
		};
/* End PBXGroup section */

/* Begin PBXNativeTarget section */
		02F5E10E266B57D3003AC899 /* Kanna_practice */ = {
			isa = PBXNativeTarget;
			buildConfigurationList = 02F5E123266B57D6003AC899 /* Build configuration list for PBXNativeTarget "Kanna_practice" */;
			buildPhases = (
				DAF9011EC548FF59B1F16A1E /* [CP] Check Pods Manifest.lock */,
				02F5E10B266B57D3003AC899 /* Sources */,
				02F5E10C266B57D3003AC899 /* Frameworks */,
				02F5E10D266B57D3003AC899 /* Resources */,
				7442CE768A9CA11D05ED207E /* [CP] Embed Pods Frameworks */,
			);
			buildRules = (
			);
			dependencies = (
			);
			name = Kanna_practice;
			productName = Kanna_practice;
			productReference = 02F5E10F266B57D3003AC899 /* Kanna_practice.app */;
			productType = "com.apple.product-type.application";
		};
/* End PBXNativeTarget section */

/* Begin PBXProject section */
		02F5E107266B57D3003AC899 /* Project object */ = {
			isa = PBXProject;
			attributes = {
				LastSwiftUpdateCheck = 1240;
				LastUpgradeCheck = 1240;
				TargetAttributes = {
					02F5E10E266B57D3003AC899 = {
						CreatedOnToolsVersion = 12.4;
					};
				};
			};
			buildConfigurationList = 02F5E10A266B57D3003AC899 /* Build configuration list for PBXProject "Kanna_practice" */;
			compatibilityVersion = "Xcode 9.3";
			developmentRegion = en;
			hasScannedForEncodings = 0;
			knownRegions = (
				en,
				Base,
			);
			mainGroup = 02F5E106266B57D3003AC899;
			productRefGroup = 02F5E110266B57D3003AC899 /* Products */;
			projectDirPath = "";
			projectRoot = "";
			targets = (
				02F5E10E266B57D3003AC899 /* Kanna_practice */,
			);
		};
/* End PBXProject section */

/* Begin PBXResourcesBuildPhase section */
		02F5E10D266B57D3003AC899 /* Resources */ = {
			isa = PBXResourcesBuildPhase;
			buildActionMask = 2147483647;
			files = (
				02F5E11F266B57D6003AC899 /* LaunchScreen.storyboard in Resources */,
				02F5E11C266B57D6003AC899 /* Assets.xcassets in Resources */,
				02F5E11A266B57D3003AC899 /* Main.storyboard in Resources */,
			);
			runOnlyForDeploymentPostprocessing = 0;
		};
/* End PBXResourcesBuildPhase section */

/* Begin PBXShellScriptBuildPhase section */
		7442CE768A9CA11D05ED207E /* [CP] Embed Pods Frameworks */ = {
			isa = PBXShellScriptBuildPhase;
			buildActionMask = 2147483647;
			files = (
			);
			inputFileListPaths = (
				"${PODS_ROOT}/Target Support Files/Pods-Kanna_practice/Pods-Kanna_practice-frameworks-${CONFIGURATION}-input-files.xcfilelist",
			);
			name = "[CP] Embed Pods Frameworks";
			outputFileListPaths = (
				"${PODS_ROOT}/Target Support Files/Pods-Kanna_practice/Pods-Kanna_practice-frameworks-${CONFIGURATION}-output-files.xcfilelist",
			);
			runOnlyForDeploymentPostprocessing = 0;
			shellPath = /bin/sh;
			shellScript = "\"${PODS_ROOT}/Target Support Files/Pods-Kanna_practice/Pods-Kanna_practice-frameworks.sh\"\n";
			showEnvVarsInLog = 0;
		};
		DAF9011EC548FF59B1F16A1E /* [CP] Check Pods Manifest.lock */ = {
			isa = PBXShellScriptBuildPhase;
			buildActionMask = 2147483647;
			files = (
			);
			inputFileListPaths = (
			);
			inputPaths = (
				"${PODS_PODFILE_DIR_PATH}/Podfile.lock",
				"${PODS_ROOT}/Manifest.lock",
			);
			name = "[CP] Check Pods Manifest.lock";
			outputFileListPaths = (
			);
			outputPaths = (
				"$(DERIVED_FILE_DIR)/Pods-Kanna_practice-checkManifestLockResult.txt",
			);
			runOnlyForDeploymentPostprocessing = 0;
			shellPath = /bin/sh;
			shellScript = "diff \"${PODS_PODFILE_DIR_PATH}/Podfile.lock\" \"${PODS_ROOT}/Manifest.lock\" > /dev/null\nif [ $? != 0 ] ; then\n    # print error to STDERR\n    echo \"error: The sandbox is not in sync with the Podfile.lock. Run 'pod install' or update your CocoaPods installation.\" >&2\n    exit 1\nfi\n# This output is used by Xcode 'outputs' to avoid re-running this script phase.\necho \"SUCCESS\" > \"${SCRIPT_OUTPUT_FILE_0}\"\n";
			showEnvVarsInLog = 0;
		};
/* End PBXShellScriptBuildPhase section */

/* Begin PBXSourcesBuildPhase section */
		02F5E10B266B57D3003AC899 /* Sources */ = {
			isa = PBXSourcesBuildPhase;
			buildActionMask = 2147483647;
			files = (
				02F5E117266B57D3003AC899 /* ViewController.swift in Sources */,
				02F5E13B266B79D3003AC899 /* ImageCollectionViewCell.swift in Sources */,
				A81A9C2126E47D2000F182B5 /* Parser.swift in Sources */,
				A81A9C2526E47D3700F182B5 /* NSObject+Extension.swift in Sources */,
				02F5E113266B57D3003AC899 /* AppDelegate.swift in Sources */,
				02F5E137266B61C0003AC899 /* ViewModel.swift in Sources */,
				02F5E115266B57D3003AC899 /* SceneDelegate.swift in Sources */,
				A81A9C2226E47D2000F182B5 /* ImageHelper.swift in Sources */,
			);
			runOnlyForDeploymentPostprocessing = 0;
		};
/* End PBXSourcesBuildPhase section */

/* Begin PBXVariantGroup section */
		02F5E118266B57D3003AC899 /* Main.storyboard */ = {
			isa = PBXVariantGroup;
			children = (
				02F5E119266B57D3003AC899 /* Base */,
			);
			name = Main.storyboard;
			sourceTree = "<group>";
		};
		02F5E11D266B57D6003AC899 /* LaunchScreen.storyboard */ = {
			isa = PBXVariantGroup;
			children = (
				02F5E11E266B57D6003AC899 /* Base */,
			);
			name = LaunchScreen.storyboard;
			sourceTree = "<group>";
		};
/* End PBXVariantGroup section */

/* Begin XCBuildConfiguration section */
		02F5E121266B57D6003AC899 /* Debug */ = {
			isa = XCBuildConfiguration;
			buildSettings = {
				ALWAYS_SEARCH_USER_PATHS = NO;
				CLANG_ANALYZER_NONNULL = YES;
				CLANG_ANALYZER_NUMBER_OBJECT_CONVERSION = YES_AGGRESSIVE;
				CLANG_CXX_LANGUAGE_STANDARD = "gnu++14";
				CLANG_CXX_LIBRARY = "libc++";
				CLANG_ENABLE_MODULES = YES;
				CLANG_ENABLE_OBJC_ARC = YES;
				CLANG_ENABLE_OBJC_WEAK = YES;
				CLANG_WARN_BLOCK_CAPTURE_AUTORELEASING = YES;
				CLANG_WARN_BOOL_CONVERSION = YES;
				CLANG_WARN_COMMA = YES;
				CLANG_WARN_CONSTANT_CONVERSION = YES;
				CLANG_WARN_DEPRECATED_OBJC_IMPLEMENTATIONS = YES;
				CLANG_WARN_DIRECT_OBJC_ISA_USAGE = YES_ERROR;
				CLANG_WARN_DOCUMENTATION_COMMENTS = YES;
				CLANG_WARN_EMPTY_BODY = YES;
				CLANG_WARN_ENUM_CONVERSION = YES;
				CLANG_WARN_INFINITE_RECURSION = YES;
				CLANG_WARN_INT_CONVERSION = YES;
				CLANG_WARN_NON_LITERAL_NULL_CONVERSION = YES;
				CLANG_WARN_OBJC_IMPLICIT_RETAIN_SELF = YES;
				CLANG_WARN_OBJC_LITERAL_CONVERSION = YES;
				CLANG_WARN_OBJC_ROOT_CLASS = YES_ERROR;
				CLANG_WARN_QUOTED_INCLUDE_IN_FRAMEWORK_HEADER = YES;
				CLANG_WARN_RANGE_LOOP_ANALYSIS = YES;
				CLANG_WARN_STRICT_PROTOTYPES = YES;
				CLANG_WARN_SUSPICIOUS_MOVE = YES;
				CLANG_WARN_UNGUARDED_AVAILABILITY = YES_AGGRESSIVE;
				CLANG_WARN_UNREACHABLE_CODE = YES;
				CLANG_WARN__DUPLICATE_METHOD_MATCH = YES;
				COPY_PHASE_STRIP = NO;
				DEBUG_INFORMATION_FORMAT = dwarf;
				ENABLE_STRICT_OBJC_MSGSEND = YES;
				ENABLE_TESTABILITY = YES;
				GCC_C_LANGUAGE_STANDARD = gnu11;
				GCC_DYNAMIC_NO_PIC = NO;
				GCC_NO_COMMON_BLOCKS = YES;
				GCC_OPTIMIZATION_LEVEL = 0;
				GCC_PREPROCESSOR_DEFINITIONS = (
					"DEBUG=1",
					"$(inherited)",
				);
				GCC_WARN_64_TO_32_BIT_CONVERSION = YES;
				GCC_WARN_ABOUT_RETURN_TYPE = YES_ERROR;
				GCC_WARN_UNDECLARED_SELECTOR = YES;
				GCC_WARN_UNINITIALIZED_AUTOS = YES_AGGRESSIVE;
				GCC_WARN_UNUSED_FUNCTION = YES;
				GCC_WARN_UNUSED_VARIABLE = YES;
				IPHONEOS_DEPLOYMENT_TARGET = 14.4;
				MTL_ENABLE_DEBUG_INFO = INCLUDE_SOURCE;
				MTL_FAST_MATH = YES;
				ONLY_ACTIVE_ARCH = YES;
				SDKROOT = iphoneos;
				SWIFT_ACTIVE_COMPILATION_CONDITIONS = DEBUG;
				SWIFT_OPTIMIZATION_LEVEL = "-Onone";
			};
			name = Debug;
		};
		02F5E122266B57D6003AC899 /* Release */ = {
			isa = XCBuildConfiguration;
			buildSettings = {
				ALWAYS_SEARCH_USER_PATHS = NO;
				CLANG_ANALYZER_NONNULL = YES;
				CLANG_ANALYZER_NUMBER_OBJECT_CONVERSION = YES_AGGRESSIVE;
				CLANG_CXX_LANGUAGE_STANDARD = "gnu++14";
				CLANG_CXX_LIBRARY = "libc++";
				CLANG_ENABLE_MODULES = YES;
				CLANG_ENABLE_OBJC_ARC = YES;
				CLANG_ENABLE_OBJC_WEAK = YES;
				CLANG_WARN_BLOCK_CAPTURE_AUTORELEASING = YES;
				CLANG_WARN_BOOL_CONVERSION = YES;
				CLANG_WARN_COMMA = YES;
				CLANG_WARN_CONSTANT_CONVERSION = YES;
				CLANG_WARN_DEPRECATED_OBJC_IMPLEMENTATIONS = YES;
				CLANG_WARN_DIRECT_OBJC_ISA_USAGE = YES_ERROR;
				CLANG_WARN_DOCUMENTATION_COMMENTS = YES;
				CLANG_WARN_EMPTY_BODY = YES;
				CLANG_WARN_ENUM_CONVERSION = YES;
				CLANG_WARN_INFINITE_RECURSION = YES;
				CLANG_WARN_INT_CONVERSION = YES;
				CLANG_WARN_NON_LITERAL_NULL_CONVERSION = YES;
				CLANG_WARN_OBJC_IMPLICIT_RETAIN_SELF = YES;
				CLANG_WARN_OBJC_LITERAL_CONVERSION = YES;
				CLANG_WARN_OBJC_ROOT_CLASS = YES_ERROR;
				CLANG_WARN_QUOTED_INCLUDE_IN_FRAMEWORK_HEADER = YES;
				CLANG_WARN_RANGE_LOOP_ANALYSIS = YES;
				CLANG_WARN_STRICT_PROTOTYPES = YES;
				CLANG_WARN_SUSPICIOUS_MOVE = YES;
				CLANG_WARN_UNGUARDED_AVAILABILITY = YES_AGGRESSIVE;
				CLANG_WARN_UNREACHABLE_CODE = YES;
				CLANG_WARN__DUPLICATE_METHOD_MATCH = YES;
				COPY_PHASE_STRIP = NO;
				DEBUG_INFORMATION_FORMAT = "dwarf-with-dsym";
				ENABLE_NS_ASSERTIONS = NO;
				ENABLE_STRICT_OBJC_MSGSEND = YES;
				GCC_C_LANGUAGE_STANDARD = gnu11;
				GCC_NO_COMMON_BLOCKS = YES;
				GCC_WARN_64_TO_32_BIT_CONVERSION = YES;
				GCC_WARN_ABOUT_RETURN_TYPE = YES_ERROR;
				GCC_WARN_UNDECLARED_SELECTOR = YES;
				GCC_WARN_UNINITIALIZED_AUTOS = YES_AGGRESSIVE;
				GCC_WARN_UNUSED_FUNCTION = YES;
				GCC_WARN_UNUSED_VARIABLE = YES;
				IPHONEOS_DEPLOYMENT_TARGET = 14.4;
				MTL_ENABLE_DEBUG_INFO = NO;
				MTL_FAST_MATH = YES;
				SDKROOT = iphoneos;
				SWIFT_COMPILATION_MODE = wholemodule;
				SWIFT_OPTIMIZATION_LEVEL = "-O";
				VALIDATE_PRODUCT = YES;
			};
			name = Release;
		};
		02F5E124266B57D6003AC899 /* Debug */ = {
			isa = XCBuildConfiguration;
			baseConfigurationReference = FED4834322564B706415908A /* Pods-Kanna_practice.debug.xcconfig */;
			buildSettings = {
				ASSETCATALOG_COMPILER_APPICON_NAME = AppIcon;
				ASSETCATALOG_COMPILER_GLOBAL_ACCENT_COLOR_NAME = AccentColor;
				CODE_SIGN_STYLE = Automatic;
				DEVELOPMENT_TEAM = WMAJBF2FZN;
				INFOPLIST_FILE = Kanna_practice/Info.plist;
				LD_RUNPATH_SEARCH_PATHS = (
					"$(inherited)",
					"@executable_path/Frameworks",
				);
				PRODUCT_BUNDLE_IDENTIFIER = "SwiftUI.Kanna-practice";
				PRODUCT_NAME = "$(TARGET_NAME)";
				SWIFT_VERSION = 5.0;
				TARGETED_DEVICE_FAMILY = "1,2";
			};
			name = Debug;
		};
		02F5E125266B57D6003AC899 /* Release */ = {
			isa = XCBuildConfiguration;
			baseConfigurationReference = 5C8629A37DC5D4F9C72897A3 /* Pods-Kanna_practice.release.xcconfig */;
			buildSettings = {
				ASSETCATALOG_COMPILER_APPICON_NAME = AppIcon;
				ASSETCATALOG_COMPILER_GLOBAL_ACCENT_COLOR_NAME = AccentColor;
				CODE_SIGN_STYLE = Automatic;
				DEVELOPMENT_TEAM = Z4WPZJJ6S4;
				INFOPLIST_FILE = Kanna_practice/Info.plist;
				LD_RUNPATH_SEARCH_PATHS = (
					"$(inherited)",
					"@executable_path/Frameworks",
				);
				PRODUCT_BUNDLE_IDENTIFIER = "SwiftUI.Kanna-practice";
				PRODUCT_NAME = "$(TARGET_NAME)";
				SWIFT_VERSION = 5.0;
				TARGETED_DEVICE_FAMILY = "1,2";
			};
			name = Release;
		};
/* End XCBuildConfiguration section */

/* Begin XCConfigurationList section */
		02F5E10A266B57D3003AC899 /* Build configuration list for PBXProject "Kanna_practice" */ = {
			isa = XCConfigurationList;
			buildConfigurations = (
				02F5E121266B57D6003AC899 /* Debug */,
				02F5E122266B57D6003AC899 /* Release */,
			);
			defaultConfigurationIsVisible = 0;
			defaultConfigurationName = Release;
		};
		02F5E123266B57D6003AC899 /* Build configuration list for PBXNativeTarget "Kanna_practice" */ = {
			isa = XCConfigurationList;
			buildConfigurations = (
				02F5E124266B57D6003AC899 /* Debug */,
				02F5E125266B57D6003AC899 /* Release */,
			);
			defaultConfigurationIsVisible = 0;
			defaultConfigurationName = Release;
		};
/* End XCConfigurationList section */
	};
	rootObject = 02F5E107266B57D3003AC899 /* Project object */;
}
